
Microsoft Visual Studio Solution File, Format Version 12.00
# Visual Studio Version 17
VisualStudioVersion = 17.13.35825.156
MinimumVisualStudioVersion = 10.0.40219.1
Project("{FAE04EC0-301F-11D3-BF4B-00C04F79EFBC}") = "CAAP2_G3_MN_SC-701", "CAAP2_G3_MN_SC-701\CAAP2_G3_MN_SC-701.csproj", "{03FD8C58-C28E-4457-A0D5-EE55C3E93D7A}"
EndProject
Project("{FAE04EC0-301F-11D3-BF4B-00C04F79EFBC}") = "CAAP2.Models", "CAAP2.Models\CAAP2.Models.csproj", "{6367B346-59A3-4DBE-B4CC-75C0231FDFA7}"
EndProject
Project("{FAE04EC0-301F-11D3-BF4B-00C04F79EFBC}") = "CAAP2.Data", "CAAP2.Data\CAAP2.Data.csproj", "{868AB326-7F19-4A51-A9F0-109CE31EC996}"
EndProject
Project("{FAE04EC0-301F-11D3-BF4B-00C04F79EFBC}") = "CAAP2.Services", "CAAP2.Services\CAAP2.Services.csproj", "{FADE3D6E-4F9A-420D-8E3F-BEDA67B2B2B1}"
EndProject
Project("{FAE04EC0-301F-11D3-BF4B-00C04F79EFBC}") = "CAAP2.Tests", "CAAP2.Tests\CAAP2.Tests.csproj", "{93CF4318-E8F2-44DE-8B22-0BDEEA28A15B}"
EndProject
Project("{FAE04EC0-301F-11D3-BF4B-00C04F79EFBC}") = "CAAP2.Repository", "CAAP2.Repository\CAAP2.Repository.csproj", "{A0DB1862-4801-49C9-8039-BAB491882893}"
EndProject
Project("{FAE04EC0-301F-11D3-BF4B-00C04F79EFBC}") = "CAAP2.Business", "CAAP2.Business\CAAP2.Business.csproj", "{7DA2232E-7363-43A9-A92A-52E9FFAA5C0F}"
EndProject
Global
	GlobalSection(SolutionConfigurationPlatforms) = preSolution
		Debug|Any CPU = Debug|Any CPU
		Debug|x64 = Debug|x64
		Debug|x86 = Debug|x86
		Release|Any CPU = Release|Any CPU
		Release|x64 = Release|x64
		Release|x86 = Release|x86
	EndGlobalSection
	GlobalSection(ProjectConfigurationPlatforms) = postSolution
		{03FD8C58-C28E-4457-A0D5-EE55C3E93D7A}.Debug|Any CPU.ActiveCfg = Debug|Any CPU
		{03FD8C58-C28E-4457-A0D5-EE55C3E93D7A}.Debug|Any CPU.Build.0 = Debug|Any CPU
		{03FD8C58-C28E-4457-A0D5-EE55C3E93D7A}.Debug|x64.ActiveCfg = Debug|Any CPU
		{03FD8C58-C28E-4457-A0D5-EE55C3E93D7A}.Debug|x64.Build.0 = Debug|Any CPU
		{03FD8C58-C28E-4457-A0D5-EE55C3E93D7A}.Debug|x86.ActiveCfg = Debug|Any CPU
		{03FD8C58-C28E-4457-A0D5-EE55C3E93D7A}.Debug|x86.Build.0 = Debug|Any CPU
		{03FD8C58-C28E-4457-A0D5-EE55C3E93D7A}.Release|Any CPU.ActiveCfg = Release|Any CPU
		{03FD8C58-C28E-4457-A0D5-EE55C3E93D7A}.Release|Any CPU.Build.0 = Release|Any CPU
		{03FD8C58-C28E-4457-A0D5-EE55C3E93D7A}.Release|x64.ActiveCfg = Release|Any CPU
		{03FD8C58-C28E-4457-A0D5-EE55C3E93D7A}.Release|x64.Build.0 = Release|Any CPU
		{03FD8C58-C28E-4457-A0D5-EE55C3E93D7A}.Release|x86.ActiveCfg = Release|Any CPU
		{03FD8C58-C28E-4457-A0D5-EE55C3E93D7A}.Release|x86.Build.0 = Release|Any CPU
		{6367B346-59A3-4DBE-B4CC-75C0231FDFA7}.Debug|Any CPU.ActiveCfg = Debug|Any CPU
		{6367B346-59A3-4DBE-B4CC-75C0231FDFA7}.Debug|Any CPU.Build.0 = Debug|Any CPU
		{6367B346-59A3-4DBE-B4CC-75C0231FDFA7}.Debug|x64.ActiveCfg = Debug|Any CPU
		{6367B346-59A3-4DBE-B4CC-75C0231FDFA7}.Debug|x64.Build.0 = Debug|Any CPU
		{6367B346-59A3-4DBE-B4CC-75C0231FDFA7}.Debug|x86.ActiveCfg = Debug|Any CPU
		{6367B346-59A3-4DBE-B4CC-75C0231FDFA7}.Debug|x86.Build.0 = Debug|Any CPU
		{6367B346-59A3-4DBE-B4CC-75C0231FDFA7}.Release|Any CPU.ActiveCfg = Release|Any CPU
		{6367B346-59A3-4DBE-B4CC-75C0231FDFA7}.Release|Any CPU.Build.0 = Release|Any CPU
		{6367B346-59A3-4DBE-B4CC-75C0231FDFA7}.Release|x64.ActiveCfg = Release|Any CPU
		{6367B346-59A3-4DBE-B4CC-75C0231FDFA7}.Release|x64.Build.0 = Release|Any CPU
		{6367B346-59A3-4DBE-B4CC-75C0231FDFA7}.Release|x86.ActiveCfg = Release|Any CPU
		{6367B346-59A3-4DBE-B4CC-75C0231FDFA7}.Release|x86.Build.0 = Release|Any CPU
		{868AB326-7F19-4A51-A9F0-109CE31EC996}.Debug|Any CPU.ActiveCfg = Debug|Any CPU
		{868AB326-7F19-4A51-A9F0-109CE31EC996}.Debug|Any CPU.Build.0 = Debug|Any CPU
		{868AB326-7F19-4A51-A9F0-109CE31EC996}.Debug|x64.ActiveCfg = Debug|Any CPU
		{868AB326-7F19-4A51-A9F0-109CE31EC996}.Debug|x64.Build.0 = Debug|Any CPU
		{868AB326-7F19-4A51-A9F0-109CE31EC996}.Debug|x86.ActiveCfg = Debug|Any CPU
		{868AB326-7F19-4A51-A9F0-109CE31EC996}.Debug|x86.Build.0 = Debug|Any CPU
		{868AB326-7F19-4A51-A9F0-109CE31EC996}.Release|Any CPU.ActiveCfg = Release|Any CPU
		{868AB326-7F19-4A51-A9F0-109CE31EC996}.Release|Any CPU.Build.0 = Release|Any CPU
		{868AB326-7F19-4A51-A9F0-109CE31EC996}.Release|x64.ActiveCfg = Release|Any CPU
		{868AB326-7F19-4A51-A9F0-109CE31EC996}.Release|x64.Build.0 = Release|Any CPU
		{868AB326-7F19-4A51-A9F0-109CE31EC996}.Release|x86.ActiveCfg = Release|Any CPU
		{868AB326-7F19-4A51-A9F0-109CE31EC996}.Release|x86.Build.0 = Release|Any CPU
		{FADE3D6E-4F9A-420D-8E3F-BEDA67B2B2B1}.Debug|Any CPU.ActiveCfg = Debug|Any CPU
		{FADE3D6E-4F9A-420D-8E3F-BEDA67B2B2B1}.Debug|Any CPU.Build.0 = Debug|Any CPU
		{FADE3D6E-4F9A-420D-8E3F-BEDA67B2B2B1}.Debug|x64.ActiveCfg = Debug|Any CPU
		{FADE3D6E-4F9A-420D-8E3F-BEDA67B2B2B1}.Debug|x64.Build.0 = Debug|Any CPU
		{FADE3D6E-4F9A-420D-8E3F-BEDA67B2B2B1}.Debug|x86.ActiveCfg = Debug|Any CPU
		{FADE3D6E-4F9A-420D-8E3F-BEDA67B2B2B1}.Debug|x86.Build.0 = Debug|Any CPU
		{FADE3D6E-4F9A-420D-8E3F-BEDA67B2B2B1}.Release|Any CPU.ActiveCfg = Release|Any CPU
		{FADE3D6E-4F9A-420D-8E3F-BEDA67B2B2B1}.Release|Any CPU.Build.0 = Release|Any CPU
		{FADE3D6E-4F9A-420D-8E3F-BEDA67B2B2B1}.Release|x64.ActiveCfg = Release|Any CPU
		{FADE3D6E-4F9A-420D-8E3F-BEDA67B2B2B1}.Release|x64.Build.0 = Release|Any CPU
		{FADE3D6E-4F9A-420D-8E3F-BEDA67B2B2B1}.Release|x86.ActiveCfg = Release|Any CPU
		{FADE3D6E-4F9A-420D-8E3F-BEDA67B2B2B1}.Release|x86.Build.0 = Release|Any CPU
		{93CF4318-E8F2-44DE-8B22-0BDEEA28A15B}.Debug|Any CPU.ActiveCfg = Debug|Any CPU
		{93CF4318-E8F2-44DE-8B22-0BDEEA28A15B}.Debug|Any CPU.Build.0 = Debug|Any CPU
		{93CF4318-E8F2-44DE-8B22-0BDEEA28A15B}.Debug|x64.ActiveCfg = Debug|Any CPU
		{93CF4318-E8F2-44DE-8B22-0BDEEA28A15B}.Debug|x64.Build.0 = Debug|Any CPU
		{93CF4318-E8F2-44DE-8B22-0BDEEA28A15B}.Debug|x86.ActiveCfg = Debug|Any CPU
		{93CF4318-E8F2-44DE-8B22-0BDEEA28A15B}.Debug|x86.Build.0 = Debug|Any CPU
		{93CF4318-E8F2-44DE-8B22-0BDEEA28A15B}.Release|Any CPU.ActiveCfg = Release|Any CPU
		{93CF4318-E8F2-44DE-8B22-0BDEEA28A15B}.Release|Any CPU.Build.0 = Release|Any CPU
		{93CF4318-E8F2-44DE-8B22-0BDEEA28A15B}.Release|x64.ActiveCfg = Release|Any CPU
		{93CF4318-E8F2-44DE-8B22-0BDEEA28A15B}.Release|x64.Build.0 = Release|Any CPU
		{93CF4318-E8F2-44DE-8B22-0BDEEA28A15B}.Release|x86.ActiveCfg = Release|Any CPU
		{93CF4318-E8F2-44DE-8B22-0BDEEA28A15B}.Release|x86.Build.0 = Release|Any CPU
		{A0DB1862-4801-49C9-8039-BAB491882893}.Debug|Any CPU.ActiveCfg = Debug|Any CPU
		{A0DB1862-4801-49C9-8039-BAB491882893}.Debug|Any CPU.Build.0 = Debug|Any CPU
		{A0DB1862-4801-49C9-8039-BAB491882893}.Debug|x64.ActiveCfg = Debug|Any CPU
		{A0DB1862-4801-49C9-8039-BAB491882893}.Debug|x64.Build.0 = Debug|Any CPU
		{A0DB1862-4801-49C9-8039-BAB491882893}.Debug|x86.ActiveCfg = Debug|Any CPU
		{A0DB1862-4801-49C9-8039-BAB491882893}.Debug|x86.Build.0 = Debug|Any CPU
		{A0DB1862-4801-49C9-8039-BAB491882893}.Release|Any CPU.ActiveCfg = Release|Any CPU
		{A0DB1862-4801-49C9-8039-BAB491882893}.Release|Any CPU.Build.0 = Release|Any CPU
		{A0DB1862-4801-49C9-8039-BAB491882893}.Release|x64.ActiveCfg = Release|Any CPU
		{A0DB1862-4801-49C9-8039-BAB491882893}.Release|x64.Build.0 = Release|Any CPU
		{A0DB1862-4801-49C9-8039-BAB491882893}.Release|x86.ActiveCfg = Release|Any CPU
		{A0DB1862-4801-49C9-8039-BAB491882893}.Release|x86.Build.0 = Release|Any CPU
		{7DA2232E-7363-43A9-A92A-52E9FFAA5C0F}.Debug|Any CPU.ActiveCfg = Debug|Any CPU
		{7DA2232E-7363-43A9-A92A-52E9FFAA5C0F}.Debug|Any CPU.Build.0 = Debug|Any CPU
		{7DA2232E-7363-43A9-A92A-52E9FFAA5C0F}.Debug|x64.ActiveCfg = Debug|Any CPU
		{7DA2232E-7363-43A9-A92A-52E9FFAA5C0F}.Debug|x64.Build.0 = Debug|Any CPU
		{7DA2232E-7363-43A9-A92A-52E9FFAA5C0F}.Debug|x86.ActiveCfg = Debug|Any CPU
		{7DA2232E-7363-43A9-A92A-52E9FFAA5C0F}.Debug|x86.Build.0 = Debug|Any CPU
		{7DA2232E-7363-43A9-A92A-52E9FFAA5C0F}.Release|Any CPU.ActiveCfg = Release|Any CPU
		{7DA2232E-7363-43A9-A92A-52E9FFAA5C0F}.Release|Any CPU.Build.0 = Release|Any CPU
		{7DA2232E-7363-43A9-A92A-52E9FFAA5C0F}.Release|x64.ActiveCfg = Release|Any CPU
		{7DA2232E-7363-43A9-A92A-52E9FFAA5C0F}.Release|x64.Build.0 = Release|Any CPU
		{7DA2232E-7363-43A9-A92A-52E9FFAA5C0F}.Release|x86.ActiveCfg = Release|Any CPU
		{7DA2232E-7363-43A9-A92A-52E9FFAA5C0F}.Release|x86.Build.0 = Release|Any CPU
	EndGlobalSection
	GlobalSection(SolutionProperties) = preSolution
		HideSolutionNode = FALSE
	EndGlobalSection
	GlobalSection(ExtensibilityGlobals) = postSolution
		SolutionGuid = {403F95FA-25B8-4533-9D64-B407E7889A0E}
	EndGlobalSection
EndGlobal
